{
  "name": "Curso_React_23",
  "lockfileVersion": 3,
  "requires": true,
  "packages": {
    "": {
      "dependencies": {
        "@fontsource/roboto": "^5.0.2"
      }
    },
    "node_modules/@fontsource/roboto": {
      "version": "5.0.2",
      "resolved": "https://registry.npmjs.org/@fontsource/roboto/-/roboto-5.0.2.tgz",
      "integrity": "sha512-SLw0o3kWwJ53/Ogyk8GGwSaULNX6Hogs+GsVempDdqpX8wm5hKBLYgUkdUPk+NogiViPp1x++OnkuLA+fAd9Kg=="
    }
  }
}
